<?xml version="1.0" encoding="UTF-8" standalone="yes" ?>
<CodeBlocks_project_file>
	<FileVersion major="1" minor="6" />
	<Project>
		<Option title="Projet" />
		<Option pch_mode="2" />
		<Option compiler="gcc" />
		<Build>
			<Target title="Debug">
				<Option output="bin/Debug/Projet" prefix_auto="1" extension_auto="1" />
				<Option object_output="obj/Debug/" />
				<Option type="1" />
				<Option compiler="gcc" />
				<Compiler>
					<Add option="-g" />
				</Compiler>
			</Target>
			<Target title="Release">
				<Option output="bin/Release/Projet" prefix_auto="1" extension_auto="1" />
				<Option object_output="obj/Release/" />
				<Option type="1" />
				<Option compiler="gcc" />
				<Compiler>
					<Add option="-O2" />
				</Compiler>
				<Linker>
					<Add option="-s" />
				</Linker>
			</Target>
		</Build>
		<Compiler>
			<Add option="-Wall" />
			<Add directory="SDL2/i686-w64-mingw32/include" />
		</Compiler>
		<Linker>
			<Add library="libmingw32.a" />
			<Add library="SDL2\i686-w64-mingw32\lib\libSDL2main.a" />
			<Add library="SDL2\i686-w64-mingw32\lib\libSDL2.dll.a" />
			<Add library="SDL2\i686-w64-mingw32\lib\libSDL2_mixer.a" />
			<Add directory="SDL2/i686-w64-mingw32/lib" />
		</Linker>
		<Unit filename="Code/Algo1.c">
			<Option compilerVar="CC" />
		</Unit>
		<Unit filename="Code/Algo1.h" />
		<Unit filename="Code/Algo2.c">
			<Option compilerVar="CC" />
		</Unit>
		<Unit filename="Code/Algo2.h" />
		<Unit filename="Code/Application.c">
			<Option compilerVar="CC" />
		</Unit>
		<Unit filename="Code/Application.h" />
		<Unit filename="Code/Defines.h" />
		<Unit filename="Code/Entities.c">
			<Option compilerVar="CC" />
		</Unit>
		<Unit filename="Code/Entities.h" />
		<Unit filename="Code/Game.c">
			<Option compilerVar="CC" />
		</Unit>
		<Unit filename="Code/Game.h" />
		<Unit filename="Code/Maze.c">
			<Option compilerVar="CC" />
		</Unit>
		<Unit filename="Code/Maze.h" />
		<Unit filename="Code/MazeGenerator.c">
			<Option compilerVar="CC" />
		</Unit>
		<Unit filename="Code/MazeGenerator.h" />
		<Unit filename="Code/Menu.c">
			<Option compilerVar="CC" />
		</Unit>
		<Unit filename="Code/Menu.h" />
		<Unit filename="Code/Path.c">
			<Option compilerVar="CC" />
		</Unit>
		<Unit filename="Code/Path.h" />
		<Unit filename="Code/States.c">
			<Option compilerVar="CC" />
		</Unit>
		<Unit filename="Code/States.h" />
		<Unit filename="Code/Structs.h" />
		<Unit filename="Code/Utils.c">
			<Option compilerVar="CC" />
		</Unit>
		<Unit filename="Code/Utils.h" />
		<Unit filename="main.c">
			<Option compilerVar="CC" />
		</Unit>
		<Extensions>
			<code_completion />
			<envvars />
			<debugger />
			<lib_finder disable_auto="1" />
		</Extensions>
	</Project>
</CodeBlocks_project_file>
